
Microsoft Visual Studio Solution File, Format Version 12.00
# Visual Studio 14
VisualStudioVersion = 14.0.25420.1
MinimumVisualStudioVersion = 10.0.40219.1
Project("{FAE04EC0-301F-11D3-BF4B-00C04F79EFBC}") = "TRAVELPLUS", "TOURDEMO.csproj", "{A1D108CF-6ED1-4F1A-BF09-B9D2EC6BB829}"
EndProject
Project("{FAE04EC0-301F-11D3-BF4B-00C04F79EFBC}") = "CRM.Core", "D:\WORK\TOUR\TOURDEMO\TOURDEMO\CRM.Core\CRM.Core.csproj", "{C606F959-92CA-4B8F-9400-CC22476F1AD3}"
EndProject
Project("{FAE04EC0-301F-11D3-BF4B-00C04F79EFBC}") = "CRM.Enum", "D:\WORK\TOUR\TOURDEMO\TOURDEMO\CRM.Enum\CRM.Enum.csproj", "{45324C00-AB1F-427C-B108-0BECB8CB7295}"
EndProject
Project("{FAE04EC0-301F-11D3-BF4B-00C04F79EFBC}") = "CRM.Infrastructure", "D:\WORK\TOUR\TOURDEMO\TOURDEMO\CRM.Infrastructure\CRM.Infrastructure.csproj", "{0B4FD608-2691-45CB-AA40-E84437299C6E}"
EndProject
Global
	GlobalSection(SolutionConfigurationPlatforms) = preSolution
		Debug|Any CPU = Debug|Any CPU
		Release|Any CPU = Release|Any CPU
	EndGlobalSection
	GlobalSection(ProjectConfigurationPlatforms) = postSolution
		{A1D108CF-6ED1-4F1A-BF09-B9D2EC6BB829}.Debug|Any CPU.ActiveCfg = Debug|Any CPU
		{A1D108CF-6ED1-4F1A-BF09-B9D2EC6BB829}.Debug|Any CPU.Build.0 = Debug|Any CPU
		{A1D108CF-6ED1-4F1A-BF09-B9D2EC6BB829}.Release|Any CPU.ActiveCfg = Release|Any CPU
		{A1D108CF-6ED1-4F1A-BF09-B9D2EC6BB829}.Release|Any CPU.Build.0 = Release|Any CPU
		{C606F959-92CA-4B8F-9400-CC22476F1AD3}.Debug|Any CPU.ActiveCfg = Debug|Any CPU
		{C606F959-92CA-4B8F-9400-CC22476F1AD3}.Debug|Any CPU.Build.0 = Debug|Any CPU
		{C606F959-92CA-4B8F-9400-CC22476F1AD3}.Release|Any CPU.ActiveCfg = Release|Any CPU
		{C606F959-92CA-4B8F-9400-CC22476F1AD3}.Release|Any CPU.Build.0 = Release|Any CPU
		{45324C00-AB1F-427C-B108-0BECB8CB7295}.Debug|Any CPU.ActiveCfg = Debug|Any CPU
		{45324C00-AB1F-427C-B108-0BECB8CB7295}.Debug|Any CPU.Build.0 = Debug|Any CPU
		{45324C00-AB1F-427C-B108-0BECB8CB7295}.Release|Any CPU.ActiveCfg = Release|Any CPU
		{45324C00-AB1F-427C-B108-0BECB8CB7295}.Release|Any CPU.Build.0 = Release|Any CPU
		{0B4FD608-2691-45CB-AA40-E84437299C6E}.Debug|Any CPU.ActiveCfg = Debug|Any CPU
		{0B4FD608-2691-45CB-AA40-E84437299C6E}.Debug|Any CPU.Build.0 = Debug|Any CPU
		{0B4FD608-2691-45CB-AA40-E84437299C6E}.Release|Any CPU.ActiveCfg = Release|Any CPU
		{0B4FD608-2691-45CB-AA40-E84437299C6E}.Release|Any CPU.Build.0 = Release|Any CPU
	EndGlobalSection
	GlobalSection(SolutionProperties) = preSolution
		HideSolutionNode = FALSE
	EndGlobalSection
EndGlobal
